
Microsoft Visual Studio Solution File, Format Version 12.00
# Visual Studio Version 16
VisualStudioVersion = 16.0.31729.503
MinimumVisualStudioVersion = 10.0.40219.1
Project("{FAE04EC0-301F-11D3-BF4B-00C04F79EFBC}") = "MCD_WindowsFormElemanInceleme", "MCD_WindowsFormElemanInceleme\MCD_WindowsFormElemanInceleme.csproj", "{871F9E5B-E723-4280-84F5-E34E083F693B}"
EndProject
Global
	GlobalSection(SolutionConfigurationPlatforms) = preSolution
		Debug|Any CPU = Debug|Any CPU
		Release|Any CPU = Release|Any CPU
	EndGlobalSection
	GlobalSection(ProjectConfigurationPlatforms) = postSolution
		{871F9E5B-E723-4280-84F5-E34E083F693B}.Debug|Any CPU.ActiveCfg = Debug|Any CPU
		{871F9E5B-E723-4280-84F5-E34E083F693B}.Debug|Any CPU.Build.0 = Debug|Any CPU
		{871F9E5B-E723-4280-84F5-E34E083F693B}.Release|Any CPU.ActiveCfg = Release|Any CPU
		{871F9E5B-E723-4280-84F5-E34E083F693B}.Release|Any CPU.Build.0 = Release|Any CPU
	EndGlobalSection
	GlobalSection(SolutionProperties) = preSolution
		HideSolutionNode = FALSE
	EndGlobalSection
	GlobalSection(ExtensibilityGlobals) = postSolution
		SolutionGuid = {DA673F1C-DB27-4E85-8245-1611203808E4}
	EndGlobalSection
EndGlobal
